
Microsoft Visual Studio Solution File, Format Version 12.00
# Visual Studio 15
VisualStudioVersion = 15.0.28307.539
MinimumVisualStudioVersion = 10.0.40219.1
Project("{8BC9CEB8-8B4A-11D0-8D11-00A0C91BC942}") = "pa-04", "pa-04\pa-04.vcxproj", "{8867CC33-CB01-4642-B536-F4AB6990F2FB}"
EndProject
Global
	GlobalSection(SolutionConfigurationPlatforms) = preSolution
		Debug|x64 = Debug|x64
		Debug|x86 = Debug|x86
		Release|x64 = Release|x64
		Release|x86 = Release|x86
	EndGlobalSection
	GlobalSection(ProjectConfigurationPlatforms) = postSolution
		{8867CC33-CB01-4642-B536-F4AB6990F2FB}.Debug|x64.ActiveCfg = Debug|x64
		{8867CC33-CB01-4642-B536-F4AB6990F2FB}.Debug|x64.Build.0 = Debug|x64
		{8867CC33-CB01-4642-B536-F4AB6990F2FB}.Debug|x86.ActiveCfg = Debug|Win32
		{8867CC33-CB01-4642-B536-F4AB6990F2FB}.Debug|x86.Build.0 = Debug|Win32
		{8867CC33-CB01-4642-B536-F4AB6990F2FB}.Release|x64.ActiveCfg = Release|x64
		{8867CC33-CB01-4642-B536-F4AB6990F2FB}.Release|x64.Build.0 = Release|x64
		{8867CC33-CB01-4642-B536-F4AB6990F2FB}.Release|x86.ActiveCfg = Release|Win32
		{8867CC33-CB01-4642-B536-F4AB6990F2FB}.Release|x86.Build.0 = Release|Win32
	EndGlobalSection
	GlobalSection(SolutionProperties) = preSolution
		HideSolutionNode = FALSE
	EndGlobalSection
	GlobalSection(ExtensibilityGlobals) = postSolution
		SolutionGuid = {FB5728EB-C6EF-4FA0-AD53-7B7559F27297}
	EndGlobalSection
EndGlobal
